// !$*UTF8*$!
{
	archiveVersion = 1;
	classes = {
	};
	objectVersion = 77;
	objects = {

/* Begin PBXContainerItemProxy section */
		C377EA0B2E27735800CAD4F4 /* PBXContainerItemProxy */ = {
			isa = PBXContainerItemProxy;
			containerPortal = C377E9F02E27735700CAD4F4 /* Project object */;
			proxyType = 1;
			remoteGlobalIDString = C377E9F72E27735700CAD4F4;
			remoteInfo = "Muscle-Memo";
		};
		C377EA152E27735800CAD4F4 /* PBXContainerItemProxy */ = {
			isa = PBXContainerItemProxy;
			containerPortal = C377E9F02E27735700CAD4F4 /* Project object */;
			proxyType = 1;
			remoteGlobalIDString = C377E9F72E27735700CAD4F4;
			remoteInfo = "Muscle-Memo";
		};
/* End PBXContainerItemProxy section */

/* Begin PBXFileReference section */
		C377E9F82E27735700CAD4F4 /* Muscle-Memo.app */ = {isa = PBXFileReference; explicitFileType = wrapper.application; includeInIndex = 0; path = "Muscle-Memo.app"; sourceTree = BUILT_PRODUCTS_DIR; };
		C377EA0A2E27735800CAD4F4 /* Muscle-MemoTests.xctest */ = {isa = PBXFileReference; explicitFileType = wrapper.cfbundle; includeInIndex = 0; path = "Muscle-MemoTests.xctest"; sourceTree = BUILT_PRODUCTS_DIR; };
		C377EA142E27735800CAD4F4 /* Muscle-MemoUITests.xctest */ = {isa = PBXFileReference; explicitFileType = wrapper.cfbundle; includeInIndex = 0; path = "Muscle-MemoUITests.xctest"; sourceTree = BUILT_PRODUCTS_DIR; };
/* End PBXFileReference section */

/* Begin PBXFileSystemSynchronizedRootGroup section */
		C377E9FA2E27735700CAD4F4 /* Muscle-Memo */ = {
			isa = PBXFileSystemSynchronizedRootGroup;
			path = "Muscle-Memo";
			sourceTree = "<group>";
		};
		C377EA0D2E27735800CAD4F4 /* Muscle-MemoTests */ = {
			isa = PBXFileSystemSynchronizedRootGroup;
			path = "Muscle-MemoTests";
			sourceTree = "<group>";
		};
		C377EA172E27735800CAD4F4 /* Muscle-MemoUITests */ = {
			isa = PBXFileSystemSynchronizedRootGroup;
			path = "Muscle-MemoUITests";
			sourceTree = "<group>";
		};
/* End PBXFileSystemSynchronizedRootGroup section */

/* Begin PBXFrameworksBuildPhase section */
		C377E9F52E27735700CAD4F4 /* Frameworks */ = {
			isa = PBXFrameworksBuildPhase;
			buildActionMask = 2147483647;
			files = (
			);
			runOnlyForDeploymentPostprocessing = 0;
		};
		C377EA072E27735800CAD4F4 /* Frameworks */ = {
			isa = PBXFrameworksBuildPhase;
			buildActionMask = 2147483647;
			files = (
			);
			runOnlyForDeploymentPostprocessing = 0;
		};
		C377EA112E27735800CAD4F4 /* Frameworks */ = {
			isa = PBXFrameworksBuildPhase;
			buildActionMask = 2147483647;
			files = (
			);
			runOnlyForDeploymentPostprocessing = 0;
		};
/* End PBXFrameworksBuildPhase section */

/* Begin PBXGroup section */
		C377E9EF2E27735700CAD4F4 = {
			isa = PBXGroup;
			children = (
				C377E9FA2E27735700CAD4F4 /* Muscle-Memo */,
				C377EA0D2E27735800CAD4F4 /* Muscle-MemoTests */,
				C377EA172E27735800CAD4F4 /* Muscle-MemoUITests */,
				C377E9F92E27735700CAD4F4 /* Products */,
			);
			sourceTree = "<group>";
		};
		C377E9F92E27735700CAD4F4 /* Products */ = {
			isa = PBXGroup;
			children = (
				C377E9F82E27735700CAD4F4 /* Muscle-Memo.app */,
				C377EA0A2E27735800CAD4F4 /* Muscle-MemoTests.xctest */,
				C377EA142E27735800CAD4F4 /* Muscle-MemoUITests.xctest */,
			);
			name = Products;
			sourceTree = "<group>";
		};
/* End PBXGroup section */

/* Begin PBXNativeTarget section */
		C377E9F72E27735700CAD4F4 /* Muscle-Memo */ = {
			isa = PBXNativeTarget;
			buildConfigurationList = C377EA1E2E27735800CAD4F4 /* Build configuration list for PBXNativeTarget "Muscle-Memo" */;
			buildPhases = (
				C377E9F42E27735700CAD4F4 /* Sources */,
				C377E9F52E27735700CAD4F4 /* Frameworks */,
				C377E9F62E27735700CAD4F4 /* Resources */,
			);
			buildRules = (
			);
			dependencies = (
			);
			fileSystemSynchronizedGroups = (
				C377E9FA2E27735700CAD4F4 /* Muscle-Memo */,
			);
			name = "Muscle-Memo";
			packageProductDependencies = (
			);
			productName = "Muscle-Memo";
			productReference = C377E9F82E27735700CAD4F4 /* Muscle-Memo.app */;
			productType = "com.apple.product-type.application";
		};
		C377EA092E27735800CAD4F4 /* Muscle-MemoTests */ = {
			isa = PBXNativeTarget;
			buildConfigurationList = C377EA212E27735800CAD4F4 /* Build configuration list for PBXNativeTarget "Muscle-MemoTests" */;
			buildPhases = (
				C377EA062E27735800CAD4F4 /* Sources */,
				C377EA072E27735800CAD4F4 /* Frameworks */,
				C377EA082E27735800CAD4F4 /* Resources */,
			);
			buildRules = (
			);
			dependencies = (
				C377EA0C2E27735800CAD4F4 /* PBXTargetDependency */,
			);
			fileSystemSynchronizedGroups = (
				C377EA0D2E27735800CAD4F4 /* Muscle-MemoTests */,
			);
			name = "Muscle-MemoTests";
			packageProductDependencies = (
			);
			productName = "Muscle-MemoTests";
			productReference = C377EA0A2E27735800CAD4F4 /* Muscle-MemoTests.xctest */;
			productType = "com.apple.product-type.bundle.unit-test";
		};
		C377EA132E27735800CAD4F4 /* Muscle-MemoUITests */ = {
			isa = PBXNativeTarget;
			buildConfigurationList = C377EA242E27735800CAD4F4 /* Build configuration list for PBXNativeTarget "Muscle-MemoUITests" */;
			buildPhases = (
				C377EA102E27735800CAD4F4 /* Sources */,
				C377EA112E27735800CAD4F4 /* Frameworks */,
				C377EA122E27735800CAD4F4 /* Resources */,
			);
			buildRules = (
			);
			dependencies = (
				C377EA162E27735800CAD4F4 /* PBXTargetDependency */,
			);
			fileSystemSynchronizedGroups = (
				C377EA172E27735800CAD4F4 /* Muscle-MemoUITests */,
			);
			name = "Muscle-MemoUITests";
			packageProductDependencies = (
			);
			productName = "Muscle-MemoUITests";
			productReference = C377EA142E27735800CAD4F4 /* Muscle-MemoUITests.xctest */;
			productType = "com.apple.product-type.bundle.ui-testing";
		};
/* End PBXNativeTarget section */

/* Begin PBXProject section */
		C377E9F02E27735700CAD4F4 /* Project object */ = {
			isa = PBXProject;
			attributes = {
				BuildIndependentTargetsInParallel = 1;
				LastSwiftUpdateCheck = 1610;
				LastUpgradeCheck = 1610;
				TargetAttributes = {
					C377E9F72E27735700CAD4F4 = {
						CreatedOnToolsVersion = 16.1;
					};
					C377EA092E27735800CAD4F4 = {
						CreatedOnToolsVersion = 16.1;
						TestTargetID = C377E9F72E27735700CAD4F4;
					};
					C377EA132E27735800CAD4F4 = {
						CreatedOnToolsVersion = 16.1;
						TestTargetID = C377E9F72E27735700CAD4F4;
					};
				};
			};
			buildConfigurationList = C377E9F32E27735700CAD4F4 /* Build configuration list for PBXProject "Muscle-Memo" */;
			developmentRegion = en;
			hasScannedForEncodings = 0;
			knownRegions = (
				en,
				Base,
			);
			mainGroup = C377E9EF2E27735700CAD4F4;
			minimizedProjectReferenceProxies = 1;
			preferredProjectObjectVersion = 77;
			productRefGroup = C377E9F92E27735700CAD4F4 /* Products */;
			projectDirPath = "";
			projectRoot = "";
			targets = (
				C377E9F72E27735700CAD4F4 /* Muscle-Memo */,
				C377EA092E27735800CAD4F4 /* Muscle-MemoTests */,
				C377EA132E27735800CAD4F4 /* Muscle-MemoUITests */,
			);
		};
/* End PBXProject section */

/* Begin PBXResourcesBuildPhase section */
		C377E9F62E27735700CAD4F4 /* Resources */ = {
			isa = PBXResourcesBuildPhase;
			buildActionMask = 2147483647;
			files = (
			);
			runOnlyForDeploymentPostprocessing = 0;
		};
		C377EA082E27735800CAD4F4 /* Resources */ = {
			isa = PBXResourcesBuildPhase;
			buildActionMask = 2147483647;
			files = (
			);
			runOnlyForDeploymentPostprocessing = 0;
		};
		C377EA122E27735800CAD4F4 /* Resources */ = {
			isa = PBXResourcesBuildPhase;
			buildActionMask = 2147483647;
			files = (
			);
			runOnlyForDeploymentPostprocessing = 0;
		};
/* End PBXResourcesBuildPhase section */

/* Begin PBXSourcesBuildPhase section */
		C377E9F42E27735700CAD4F4 /* Sources */ = {
			isa = PBXSourcesBuildPhase;
			buildActionMask = 2147483647;
			files = (
			);
			runOnlyForDeploymentPostprocessing = 0;
		};
		C377EA062E27735800CAD4F4 /* Sources */ = {
			isa = PBXSourcesBuildPhase;
			buildActionMask = 2147483647;
			files = (
			);
			runOnlyForDeploymentPostprocessing = 0;
		};
		C377EA102E27735800CAD4F4 /* Sources */ = {
			isa = PBXSourcesBuildPhase;
			buildActionMask = 2147483647;
			files = (
			);
			runOnlyForDeploymentPostprocessing = 0;
		};
/* End PBXSourcesBuildPhase section */

/* Begin PBXTargetDependency section */
		C377EA0C2E27735800CAD4F4 /* PBXTargetDependency */ = {
			isa = PBXTargetDependency;
			target = C377E9F72E27735700CAD4F4 /* Muscle-Memo */;
			targetProxy = C377EA0B2E27735800CAD4F4 /* PBXContainerItemProxy */;
		};
		C377EA162E27735800CAD4F4 /* PBXTargetDependency */ = {
			isa = PBXTargetDependency;
			target = C377E9F72E27735700CAD4F4 /* Muscle-Memo */;
			targetProxy = C377EA152E27735800CAD4F4 /* PBXContainerItemProxy */;
		};
/* End PBXTargetDependency section */

/* Begin XCBuildConfiguration section */
		C377EA1C2E27735800CAD4F4 /* Debug */ = {
			isa = XCBuildConfiguration;
			buildSettings = {
				ALWAYS_SEARCH_USER_PATHS = NO;
				ASSETCATALOG_COMPILER_GENERATE_SWIFT_ASSET_SYMBOL_EXTENSIONS = YES;
				CLANG_ANALYZER_NONNULL = YES;
				CLANG_ANALYZER_NUMBER_OBJECT_CONVERSION = YES_AGGRESSIVE;
				CLANG_CXX_LANGUAGE_STANDARD = "gnu++20";
				CLANG_ENABLE_MODULES = YES;
				CLANG_ENABLE_OBJC_ARC = YES;
				CLANG_ENABLE_OBJC_WEAK = YES;
				CLANG_WARN_BLOCK_CAPTURE_AUTORELEASING = YES;
				CLANG_WARN_BOOL_CONVERSION = YES;
				CLANG_WARN_COMMA = YES;
				CLANG_WARN_CONSTANT_CONVERSION = YES;
				CLANG_WARN_DEPRECATED_OBJC_IMPLEMENTATIONS = YES;
				CLANG_WARN_DIRECT_OBJC_ISA_USAGE = YES_ERROR;
				CLANG_WARN_DOCUMENTATION_COMMENTS = YES;
				CLANG_WARN_EMPTY_BODY = YES;
				CLANG_WARN_ENUM_CONVERSION = YES;
				CLANG_WARN_INFINITE_RECURSION = YES;
				CLANG_WARN_INT_CONVERSION = YES;
				CLANG_WARN_NON_LITERAL_NULL_CONVERSION = YES;
				CLANG_WARN_OBJC_IMPLICIT_RETAIN_SELF = YES;
				CLANG_WARN_OBJC_LITERAL_CONVERSION = YES;
				CLANG_WARN_OBJC_ROOT_CLASS = YES_ERROR;
				CLANG_WARN_QUOTED_INCLUDE_IN_FRAMEWORK_HEADER = YES;
				CLANG_WARN_RANGE_LOOP_ANALYSIS = YES;
				CLANG_WARN_STRICT_PROTOTYPES = YES;
				CLANG_WARN_SUSPICIOUS_MOVE = YES;
				CLANG_WARN_UNGUARDED_AVAILABILITY = YES_AGGRESSIVE;
				CLANG_WARN_UNREACHABLE_CODE = YES;
				CLANG_WARN__DUPLICATE_METHOD_MATCH = YES;
				COPY_PHASE_STRIP = NO;
				DEBUG_INFORMATION_FORMAT = dwarf;
				ENABLE_STRICT_OBJC_MSGSEND = YES;
				ENABLE_TESTABILITY = YES;
				ENABLE_USER_SCRIPT_SANDBOXING = YES;
				GCC_C_LANGUAGE_STANDARD = gnu17;
				GCC_DYNAMIC_NO_PIC = NO;
				GCC_NO_COMMON_BLOCKS = YES;
				GCC_OPTIMIZATION_LEVEL = 0;
				GCC_PREPROCESSOR_DEFINITIONS = (
					"DEBUG=1",
					"$(inherited)",
				);
				GCC_WARN_64_TO_32_BIT_CONVERSION = YES;
				GCC_WARN_ABOUT_RETURN_TYPE = YES_ERROR;
				GCC_WARN_UNDECLARED_SELECTOR = YES;
				GCC_WARN_UNINITIALIZED_AUTOS = YES_AGGRESSIVE;
				GCC_WARN_UNUSED_FUNCTION = YES;
				GCC_WARN_UNUSED_VARIABLE = YES;
				IPHONEOS_DEPLOYMENT_TARGET = 18.1;
				LOCALIZATION_PREFERS_STRING_CATALOGS = YES;
				MTL_ENABLE_DEBUG_INFO = INCLUDE_SOURCE;
				MTL_FAST_MATH = YES;
				ONLY_ACTIVE_ARCH = YES;
				SDKROOT = iphoneos;
				SWIFT_ACTIVE_COMPILATION_CONDITIONS = "DEBUG $(inherited)";
				SWIFT_OPTIMIZATION_LEVEL = "-Onone";
			};
			name = Debug;
		};
		C377EA1D2E27735800CAD4F4 /* Release */ = {
			isa = XCBuildConfiguration;
			buildSettings = {
				ALWAYS_SEARCH_USER_PATHS = NO;
				ASSETCATALOG_COMPILER_GENERATE_SWIFT_ASSET_SYMBOL_EXTENSIONS = YES;
				CLANG_ANALYZER_NONNULL = YES;
				CLANG_ANALYZER_NUMBER_OBJECT_CONVERSION = YES_AGGRESSIVE;
				CLANG_CXX_LANGUAGE_STANDARD = "gnu++20";
				CLANG_ENABLE_MODULES = YES;
				CLANG_ENABLE_OBJC_ARC = YES;
				CLANG_ENABLE_OBJC_WEAK = YES;
				CLANG_WARN_BLOCK_CAPTURE_AUTORELEASING = YES;
				CLANG_WARN_BOOL_CONVERSION = YES;
				CLANG_WARN_COMMA = YES;
				CLANG_WARN_CONSTANT_CONVERSION = YES;
				CLANG_WARN_DEPRECATED_OBJC_IMPLEMENTATIONS = YES;
				CLANG_WARN_DIRECT_OBJC_ISA_USAGE = YES_ERROR;
				CLANG_WARN_DOCUMENTATION_COMMENTS = YES;
				CLANG_WARN_EMPTY_BODY = YES;
				CLANG_WARN_ENUM_CONVERSION = YES;
				CLANG_WARN_INFINITE_RECURSION = YES;
				CLANG_WARN_INT_CONVERSION = YES;
				CLANG_WARN_NON_LITERAL_NULL_CONVERSION = YES;
				CLANG_WARN_OBJC_IMPLICIT_RETAIN_SELF = YES;
				CLANG_WARN_OBJC_LITERAL_CONVERSION = YES;
				CLANG_WARN_OBJC_ROOT_CLASS = YES_ERROR;
				CLANG_WARN_QUOTED_INCLUDE_IN_FRAMEWORK_HEADER = YES;
				CLANG_WARN_RANGE_LOOP_ANALYSIS = YES;
				CLANG_WARN_STRICT_PROTOTYPES = YES;
				CLANG_WARN_SUSPICIOUS_MOVE = YES;
				CLANG_WARN_UNGUARDED_AVAILABILITY = YES_AGGRESSIVE;
				CLANG_WARN_UNREACHABLE_CODE = YES;
				CLANG_WARN__DUPLICATE_METHOD_MATCH = YES;
				COPY_PHASE_STRIP = NO;
				DEBUG_INFORMATION_FORMAT = "dwarf-with-dsym";
				ENABLE_NS_ASSERTIONS = NO;
				ENABLE_STRICT_OBJC_MSGSEND = YES;
				ENABLE_USER_SCRIPT_SANDBOXING = YES;
				GCC_C_LANGUAGE_STANDARD = gnu17;
				GCC_NO_COMMON_BLOCKS = YES;
				GCC_WARN_64_TO_32_BIT_CONVERSION = YES;
				GCC_WARN_ABOUT_RETURN_TYPE = YES_ERROR;
				GCC_WARN_UNDECLARED_SELECTOR = YES;
				GCC_WARN_UNINITIALIZED_AUTOS = YES_AGGRESSIVE;
				GCC_WARN_UNUSED_FUNCTION = YES;
				GCC_WARN_UNUSED_VARIABLE = YES;
				IPHONEOS_DEPLOYMENT_TARGET = 18.1;
				LOCALIZATION_PREFERS_STRING_CATALOGS = YES;
				MTL_ENABLE_DEBUG_INFO = NO;
				MTL_FAST_MATH = YES;
				SDKROOT = iphoneos;
				SWIFT_COMPILATION_MODE = wholemodule;
				VALIDATE_PRODUCT = YES;
			};
			name = Release;
		};
		C377EA1F2E27735800CAD4F4 /* Debug */ = {
			isa = XCBuildConfiguration;
			buildSettings = {
				ASSETCATALOG_COMPILER_APPICON_NAME = AppIcon;
				ASSETCATALOG_COMPILER_GLOBAL_ACCENT_COLOR_NAME = AccentColor;
				CODE_SIGN_STYLE = Automatic;
				CURRENT_PROJECT_VERSION = 1;
				DEVELOPMENT_ASSET_PATHS = "\"Muscle-Memo/Preview Content\"";
				DEVELOPMENT_TEAM = 3FNRL3L658;
				ENABLE_PREVIEWS = YES;
				GENERATE_INFOPLIST_FILE = YES;
				INFOPLIST_KEY_UIApplicationSceneManifest_Generation = YES;
				INFOPLIST_KEY_UIApplicationSupportsIndirectInputEvents = YES;
				INFOPLIST_KEY_UILaunchScreen_Generation = YES;
				INFOPLIST_KEY_UISupportedInterfaceOrientations_iPad = "UIInterfaceOrientationPortrait UIInterfaceOrientationPortraitUpsideDown UIInterfaceOrientationLandscapeLeft UIInterfaceOrientationLandscapeRight";
				INFOPLIST_KEY_UISupportedInterfaceOrientations_iPhone = "UIInterfaceOrientationPortrait UIInterfaceOrientationLandscapeLeft UIInterfaceOrientationLandscapeRight";
				LD_RUNPATH_SEARCH_PATHS = (
					"$(inherited)",
					"@executable_path/Frameworks",
				);
				MARKETING_VERSION = 1.0;
				PRODUCT_BUNDLE_IDENTIFIER = "rsato-test.Muscle-Memo";
				PRODUCT_NAME = "$(TARGET_NAME)";
				SWIFT_EMIT_LOC_STRINGS = YES;
				SWIFT_VERSION = 5.0;
				TARGETED_DEVICE_FAMILY = "1,2";
			};
			name = Debug;
		};
		C377EA202E27735800CAD4F4 /* Release */ = {
			isa = XCBuildConfiguration;
			buildSettings = {
				ASSETCATALOG_COMPILER_APPICON_NAME = AppIcon;
				ASSETCATALOG_COMPILER_GLOBAL_ACCENT_COLOR_NAME = AccentColor;
				CODE_SIGN_STYLE = Automatic;
				CURRENT_PROJECT_VERSION = 1;
				DEVELOPMENT_ASSET_PATHS = "\"Muscle-Memo/Preview Content\"";
				DEVELOPMENT_TEAM = 3FNRL3L658;
				ENABLE_PREVIEWS = YES;
				GENERATE_INFOPLIST_FILE = YES;
				INFOPLIST_KEY_UIApplicationSceneManifest_Generation = YES;
				INFOPLIST_KEY_UIApplicationSupportsIndirectInputEvents = YES;
				INFOPLIST_KEY_UILaunchScreen_Generation = YES;
				INFOPLIST_KEY_UISupportedInterfaceOrientations_iPad = "UIInterfaceOrientationPortrait UIInterfaceOrientationPortraitUpsideDown UIInterfaceOrientationLandscapeLeft UIInterfaceOrientationLandscapeRight";
				INFOPLIST_KEY_UISupportedInterfaceOrientations_iPhone = "UIInterfaceOrientationPortrait UIInterfaceOrientationLandscapeLeft UIInterfaceOrientationLandscapeRight";
				LD_RUNPATH_SEARCH_PATHS = (
					"$(inherited)",
					"@executable_path/Frameworks",
				);
				MARKETING_VERSION = 1.0;
				PRODUCT_BUNDLE_IDENTIFIER = "rsato-test.Muscle-Memo";
				PRODUCT_NAME = "$(TARGET_NAME)";
				SWIFT_EMIT_LOC_STRINGS = YES;
				SWIFT_VERSION = 5.0;
				TARGETED_DEVICE_FAMILY = "1,2";
			};
			name = Release;
		};
		C377EA222E27735800CAD4F4 /* Debug */ = {
			isa = XCBuildConfiguration;
			buildSettings = {
				BUNDLE_LOADER = "$(TEST_HOST)";
				CODE_SIGN_STYLE = Automatic;
				CURRENT_PROJECT_VERSION = 1;
				DEVELOPMENT_TEAM = 3FNRL3L658;
				GENERATE_INFOPLIST_FILE = YES;
				IPHONEOS_DEPLOYMENT_TARGET = 18.1;
				MARKETING_VERSION = 1.0;
				PRODUCT_BUNDLE_IDENTIFIER = "rsato-test.Muscle-MemoTests";
				PRODUCT_NAME = "$(TARGET_NAME)";
				SWIFT_EMIT_LOC_STRINGS = NO;
				SWIFT_VERSION = 5.0;
				TARGETED_DEVICE_FAMILY = "1,2";
				TEST_HOST = "$(BUILT_PRODUCTS_DIR)/Muscle-Memo.app/$(BUNDLE_EXECUTABLE_FOLDER_PATH)/Muscle-Memo";
			};
			name = Debug;
		};
		C377EA232E27735800CAD4F4 /* Release */ = {
			isa = XCBuildConfiguration;
			buildSettings = {
				BUNDLE_LOADER = "$(TEST_HOST)";
				CODE_SIGN_STYLE = Automatic;
				CURRENT_PROJECT_VERSION = 1;
				DEVELOPMENT_TEAM = 3FNRL3L658;
				GENERATE_INFOPLIST_FILE = YES;
				IPHONEOS_DEPLOYMENT_TARGET = 18.1;
				MARKETING_VERSION = 1.0;
				PRODUCT_BUNDLE_IDENTIFIER = "rsato-test.Muscle-MemoTests";
				PRODUCT_NAME = "$(TARGET_NAME)";
				SWIFT_EMIT_LOC_STRINGS = NO;
				SWIFT_VERSION = 5.0;
				TARGETED_DEVICE_FAMILY = "1,2";
				TEST_HOST = "$(BUILT_PRODUCTS_DIR)/Muscle-Memo.app/$(BUNDLE_EXECUTABLE_FOLDER_PATH)/Muscle-Memo";
			};
			name = Release;
		};
		C377EA252E27735800CAD4F4 /* Debug */ = {
			isa = XCBuildConfiguration;
			buildSettings = {
				CODE_SIGN_STYLE = Automatic;
				CURRENT_PROJECT_VERSION = 1;
				DEVELOPMENT_TEAM = 3FNRL3L658;
				GENERATE_INFOPLIST_FILE = YES;
				MARKETING_VERSION = 1.0;
				PRODUCT_BUNDLE_IDENTIFIER = "rsato-test.Muscle-MemoUITests";
				PRODUCT_NAME = "$(TARGET_NAME)";
				SWIFT_EMIT_LOC_STRINGS = NO;
				SWIFT_VERSION = 5.0;
				TARGETED_DEVICE_FAMILY = "1,2";
				TEST_TARGET_NAME = "Muscle-Memo";
			};
			name = Debug;
		};
		C377EA262E27735800CAD4F4 /* Release */ = {
			isa = XCBuildConfiguration;
			buildSettings = {
				CODE_SIGN_STYLE = Automatic;
				CURRENT_PROJECT_VERSION = 1;
				DEVELOPMENT_TEAM = 3FNRL3L658;
				GENERATE_INFOPLIST_FILE = YES;
				MARKETING_VERSION = 1.0;
				PRODUCT_BUNDLE_IDENTIFIER = "rsato-test.Muscle-MemoUITests";
				PRODUCT_NAME = "$(TARGET_NAME)";
				SWIFT_EMIT_LOC_STRINGS = NO;
				SWIFT_VERSION = 5.0;
				TARGETED_DEVICE_FAMILY = "1,2";
				TEST_TARGET_NAME = "Muscle-Memo";
			};
			name = Release;
		};
/* End XCBuildConfiguration section */

/* Begin XCConfigurationList section */
		C377E9F32E27735700CAD4F4 /* Build configuration list for PBXProject "Muscle-Memo" */ = {
			isa = XCConfigurationList;
			buildConfigurations = (
				C377EA1C2E27735800CAD4F4 /* Debug */,
				C377EA1D2E27735800CAD4F4 /* Release */,
			);
			defaultConfigurationIsVisible = 0;
			defaultConfigurationName = Release;
		};
		C377EA1E2E27735800CAD4F4 /* Build configuration list for PBXNativeTarget "Muscle-Memo" */ = {
			isa = XCConfigurationList;
			buildConfigurations = (
				C377EA1F2E27735800CAD4F4 /* Debug */,
				C377EA202E27735800CAD4F4 /* Release */,
			);
			defaultConfigurationIsVisible = 0;
			defaultConfigurationName = Release;
		};
		C377EA212E27735800CAD4F4 /* Build configuration list for PBXNativeTarget "Muscle-MemoTests" */ = {
			isa = XCConfigurationList;
			buildConfigurations = (
				C377EA222E27735800CAD4F4 /* Debug */,
				C377EA232E27735800CAD4F4 /* Release */,
			);
			defaultConfigurationIsVisible = 0;
			defaultConfigurationName = Release;
		};
		C377EA242E27735800CAD4F4 /* Build configuration list for PBXNativeTarget "Muscle-MemoUITests" */ = {
			isa = XCConfigurationList;
			buildConfigurations = (
				C377EA252E27735800CAD4F4 /* Debug */,
				C377EA262E27735800CAD4F4 /* Release */,
			);
			defaultConfigurationIsVisible = 0;
			defaultConfigurationName = Release;
		};
/* End XCConfigurationList section */
	};
	rootObject = C377E9F02E27735700CAD4F4 /* Project object */;
}
